{"1.2.0",
[{<<"erlang-serial">>,
  {git,"https://github.com/Olivier-Boudeville/erlang-serial.git",
       {ref,"94d647e0f432d17f85cf37703116f878e88ead41"}},
  1},
 {<<"jsx">>,{pkg,<<"jsx">>,<<"3.0.0">>},0},
 {<<"mobile">>,
  {git,"https://github.com/Olivier-Boudeville/Ceylan-Mobile.git",
       {ref,"538566d91811a9dce6e1442060de663b7f78f5a7"}},
  0},
 {<<"myriad">>,
  {git,"https://github.com/Olivier-Boudeville/Ceylan-Myriad.git",
       {ref,"5f1223eb787a323c9b62734105526652d44b5286"}},
  0},
 {<<"oceanic">>,
  {git,"https://github.com/Olivier-Boudeville/Ceylan-Oceanic.git",
       {ref,"5af4701ba21ca3d65d60664c421d3e88dd15296c"}},
  0},
 {<<"seaplus">>,
  {git,"https://github.com/Olivier-Boudeville/Ceylan-Seaplus.git",
       {ref,"1e27b0a052db95323acfe0b548337286e42187fb"}},
  0},
 {<<"traces">>,
  {git,"https://github.com/Olivier-Boudeville/Ceylan-Traces.git",
       {ref,"7e6834d98791ad4519f5827cae078f67b772e945"}},
  0},
 {<<"us_common">>,
  {git,"https://github.com/Olivier-Boudeville/us-common.git",
       {ref,"fdc40290452f8e877f8cf7c32a335dc95649c3a3"}},
  0},
 {<<"wooper">>,
  {git,"https://github.com/Olivier-Boudeville/Ceylan-WOOPER.git",
       {ref,"5334417ba7d35b2074a0c1905785245042300d70"}},
  0}]}.
[
{pkg_hash,[
 {<<"jsx">>, <<"20A170ABD4335FC6DB24D5FAD1E5D677C55DADF83D1B20A8A33B5FE159892A39">>}]},
{pkg_hash_ext,[
 {<<"jsx">>, <<"37BECA0435F5CA8A2F45F76A46211E76418FBEF80C36F0361C249FC75059DC6D">>}]}
].
