{"1.2.0",
[{<<"erlang-serial">>,
  {git,"https://github.com/Olivier-Boudeville/erlang-serial.git",
       {ref,"7fcf37d148ed92bea9093d3ac39861937c9333cf"}},
  1},
 {<<"jsx">>,{pkg,<<"jsx">>,<<"3.0.0">>},0},
 {<<"mobile">>,
  {git,"https://github.com/Olivier-Boudeville/Ceylan-Mobile.git",
       {ref,"97bfdc1a5a03386a1366ae7e28b4a1993ec87f16"}},
  0},
 {<<"myriad">>,
  {git,"https://github.com/Olivier-Boudeville/Ceylan-Myriad.git",
       {ref,"86389481c84aa9758665b6b6c82a75a7906e91bf"}},
  0},
 {<<"oceanic">>,
  {git,"https://github.com/Olivier-Boudeville/Ceylan-Oceanic.git",
       {ref,"8d25f2ade7ae94099e2c7847af5b9379a9ac7e39"}},
  0},
 {<<"seaplus">>,
  {git,"https://github.com/Olivier-Boudeville/Ceylan-Seaplus.git",
       {ref,"618f405a76dbc3d16af741dcdebeecffac3b56e7"}},
  0},
 {<<"traces">>,
  {git,"https://github.com/Olivier-Boudeville/Ceylan-Traces.git",
       {ref,"8f0753bc299507e5ef884a31d83c138ca02b4cf1"}},
  0},
 {<<"us_common">>,
  {git,"https://github.com/Olivier-Boudeville/us-common.git",
       {ref,"5076bdc6c73d9c288ebff357a491d98b61a6a79a"}},
  0},
 {<<"wooper">>,
  {git,"https://github.com/Olivier-Boudeville/Ceylan-WOOPER.git",
       {ref,"4f11b898cbeacd9bf0c13ee00905a53c84a7661d"}},
  0}]}.
[
{pkg_hash,[
 {<<"jsx">>, <<"20A170ABD4335FC6DB24D5FAD1E5D677C55DADF83D1B20A8A33B5FE159892A39">>}]},
{pkg_hash_ext,[
 {<<"jsx">>, <<"37BECA0435F5CA8A2F45F76A46211E76418FBEF80C36F0361C249FC75059DC6D">>}]}
].
