{"1.2.0",
[{<<"jsx">>,{pkg,<<"jsx">>,<<"3.0.0">>},0},
 {<<"mobile">>,
  {git,"git://github.com/Olivier-Boudeville/Ceylan-Mobile",
       {ref,"b77e60a545261fe7324ff6e10dbafdf9eacee967"}},
  0},
 {<<"myriad">>,
  {git,"git://github.com/Olivier-Boudeville/Ceylan-Myriad",
       {ref,"905d9032e93ea251d4da9197ef68df8c8f293709"}},
  0},
 {<<"seaplus">>,
  {git,"git://github.com/Olivier-Boudeville/Ceylan-Seaplus",
       {ref,"9770baab900c017d40bb994641a08107df7ecc09"}},
  0},
 {<<"traces">>,
  {git,"git://github.com/Olivier-Boudeville/Ceylan-Traces",
       {ref,"3922849043087be968ec524bb96bb073098f965d"}},
  0},
 {<<"us_common">>,
  {git,"git://github.com/Olivier-Boudeville/us-common",
       {ref,"aee00fcc08577a3757be01a484677d7c95a25091"}},
  0},
 {<<"wooper">>,
  {git,"git://github.com/Olivier-Boudeville/Ceylan-WOOPER",
       {ref,"0519c08cdcff698b75bd0d1e96e5c760534ccf02"}},
  0}]}.
[
{pkg_hash,[
 {<<"jsx">>, <<"20A170ABD4335FC6DB24D5FAD1E5D677C55DADF83D1B20A8A33B5FE159892A39">>}]},
{pkg_hash_ext,[
 {<<"jsx">>, <<"37BECA0435F5CA8A2F45F76A46211E76418FBEF80C36F0361C249FC75059DC6D">>}]}
].
